
Microsoft Visual Studio Solution File, Format Version 12.00
# Visual Studio Version 16
VisualStudioVersion = 16.0.31321.278
MinimumVisualStudioVersion = 10.0.40219.1
Project("{9A19103F-16F7-4668-BE54-9A1E7A4F7556}") = "RazorPagesMovie", "RazorPagesMovie.csproj", "{7B2835DC-270C-4671-BE46-80DF1D4D56E3}"
EndProject
Global
	GlobalSection(SolutionConfigurationPlatforms) = preSolution
		Debug|Any CPU = Debug|Any CPU
		Release|Any CPU = Release|Any CPU
	EndGlobalSection
	GlobalSection(ProjectConfigurationPlatforms) = postSolution
		{7B2835DC-270C-4671-BE46-80DF1D4D56E3}.Debug|Any CPU.ActiveCfg = Debug|Any CPU
		{7B2835DC-270C-4671-BE46-80DF1D4D56E3}.Debug|Any CPU.Build.0 = Debug|Any CPU
		{7B2835DC-270C-4671-BE46-80DF1D4D56E3}.Release|Any CPU.ActiveCfg = Release|Any CPU
		{7B2835DC-270C-4671-BE46-80DF1D4D56E3}.Release|Any CPU.Build.0 = Release|Any CPU
	EndGlobalSection
	GlobalSection(SolutionProperties) = preSolution
		HideSolutionNode = FALSE
	EndGlobalSection
	GlobalSection(ExtensibilityGlobals) = postSolution
		SolutionGuid = {64080728-1B26-4917-A8BA-96B38BE9282D}
	EndGlobalSection
EndGlobal
